// !$*UTF8*$!
{
	archiveVersion = 1;
	classes = {
	};
	objectVersion = 46;
	objects = {

/* Begin PBXBuildFile section */
		2C91C55D1FC41ED1002FE30F /* AppDelegate.m in Sources */ = {isa = PBXBuildFile; fileRef = 2C91C55C1FC41ED1002FE30F /* AppDelegate.m */; };
		2C91C5601FC41ED1002FE30F /* main.m in Sources */ = {isa = PBXBuildFile; fileRef = 2C91C55F1FC41ED1002FE30F /* main.m */; };
		2C91C5631FC41ED1002FE30F /* ViewController.m in Sources */ = {isa = PBXBuildFile; fileRef = 2C91C5621FC41ED1002FE30F /* ViewController.m */; };
		2C91C5651FC41ED1002FE30F /* Assets.xcassets in Resources */ = {isa = PBXBuildFile; fileRef = 2C91C5641FC41ED1002FE30F /* Assets.xcassets */; };
		2C91C5681FC41ED1002FE30F /* Main.storyboard in Resources */ = {isa = PBXBuildFile; fileRef = 2C91C5661FC41ED1002FE30F /* Main.storyboard */; };
/* End PBXBuildFile section */

/* Begin PBXFileReference section */
		2C91C5581FC41ED1002FE30F /* KeyboardHooker.app */ = {isa = PBXFileReference; explicitFileType = wrapper.application; includeInIndex = 0; path = KeyboardHooker.app; sourceTree = BUILT_PRODUCTS_DIR; };
		2C91C55B1FC41ED1002FE30F /* AppDelegate.h */ = {isa = PBXFileReference; lastKnownFileType = sourcecode.c.h; path = AppDelegate.h; sourceTree = "<group>"; };
		2C91C55C1FC41ED1002FE30F /* AppDelegate.m */ = {isa = PBXFileReference; lastKnownFileType = sourcecode.c.objc; path = AppDelegate.m; sourceTree = "<group>"; };
		2C91C55F1FC41ED1002FE30F /* main.m */ = {isa = PBXFileReference; lastKnownFileType = sourcecode.c.objc; path = main.m; sourceTree = "<group>"; };
		2C91C5611FC41ED1002FE30F /* ViewController.h */ = {isa = PBXFileReference; lastKnownFileType = sourcecode.c.h; path = ViewController.h; sourceTree = "<group>"; };
		2C91C5621FC41ED1002FE30F /* ViewController.m */ = {isa = PBXFileReference; lastKnownFileType = sourcecode.c.objc; path = ViewController.m; sourceTree = "<group>"; };
		2C91C5641FC41ED1002FE30F /* Assets.xcassets */ = {isa = PBXFileReference; lastKnownFileType = folder.assetcatalog; path = Assets.xcassets; sourceTree = "<group>"; };
		2C91C5671FC41ED1002FE30F /* Base */ = {isa = PBXFileReference; lastKnownFileType = file.storyboard; name = Base; path = Base.lproj/Main.storyboard; sourceTree = "<group>"; };
		2C91C5691FC41ED1002FE30F /* Info.plist */ = {isa = PBXFileReference; lastKnownFileType = text.plist.xml; path = Info.plist; sourceTree = "<group>"; };
/* End PBXFileReference section */

/* Begin PBXFrameworksBuildPhase section */
		2C91C5551FC41ED1002FE30F /* Frameworks */ = {
			isa = PBXFrameworksBuildPhase;
			buildActionMask = 2147483647;
			files = (
			);
			runOnlyForDeploymentPostprocessing = 0;
		};
/* End PBXFrameworksBuildPhase section */

/* Begin PBXGroup section */
		2C91C54F1FC41ED1002FE30F = {
			isa = PBXGroup;
			children = (
				2C91C55A1FC41ED1002FE30F /* KeyboardHooker */,
				2C91C5591FC41ED1002FE30F /* Products */,
			);
			sourceTree = "<group>";
		};
		2C91C5591FC41ED1002FE30F /* Products */ = {
			isa = PBXGroup;
			children = (
				2C91C5581FC41ED1002FE30F /* KeyboardHooker.app */,
			);
			name = Products;
			sourceTree = "<group>";
		};
		2C91C55A1FC41ED1002FE30F /* KeyboardHooker */ = {
			isa = PBXGroup;
			children = (
				2C91C55B1FC41ED1002FE30F /* AppDelegate.h */,
				2C91C55C1FC41ED1002FE30F /* AppDelegate.m */,
				2C91C5611FC41ED1002FE30F /* ViewController.h */,
				2C91C5621FC41ED1002FE30F /* ViewController.m */,
				2C91C5641FC41ED1002FE30F /* Assets.xcassets */,
				2C91C5661FC41ED1002FE30F /* Main.storyboard */,
				2C91C5691FC41ED1002FE30F /* Info.plist */,
				2C91C55E1FC41ED1002FE30F /* Supporting Files */,
			);
			path = KeyboardHooker;
			sourceTree = "<group>";
		};
		2C91C55E1FC41ED1002FE30F /* Supporting Files */ = {
			isa = PBXGroup;
			children = (
				2C91C55F1FC41ED1002FE30F /* main.m */,
			);
			name = "Supporting Files";
			sourceTree = "<group>";
		};
/* End PBXGroup section */

/* Begin PBXNativeTarget section */
		2C91C5571FC41ED1002FE30F /* KeyboardHooker */ = {
			isa = PBXNativeTarget;
			buildConfigurationList = 2C91C56C1FC41ED1002FE30F /* Build configuration list for PBXNativeTarget "KeyboardHooker" */;
			buildPhases = (
				2C91C5541FC41ED1002FE30F /* Sources */,
				2C91C5551FC41ED1002FE30F /* Frameworks */,
				2C91C5561FC41ED1002FE30F /* Resources */,
			);
			buildRules = (
			);
			dependencies = (
			);
			name = KeyboardHooker;
			productName = KeyboardHooker;
			productReference = 2C91C5581FC41ED1002FE30F /* KeyboardHooker.app */;
			productType = "com.apple.product-type.application";
		};
/* End PBXNativeTarget section */

/* Begin PBXProject section */
		2C91C5501FC41ED1002FE30F /* Project object */ = {
			isa = PBXProject;
			attributes = {
				LastUpgradeCheck = 0820;
				ORGANIZATIONNAME = IvanCode;
				TargetAttributes = {
					2C91C5571FC41ED1002FE30F = {
						CreatedOnToolsVersion = 8.2.1;
						DevelopmentTeam = JXCL7H2Z3W;
						ProvisioningStyle = Automatic;
					};
				};
			};
			buildConfigurationList = 2C91C5531FC41ED1002FE30F /* Build configuration list for PBXProject "KeyboardHooker" */;
			compatibilityVersion = "Xcode 3.2";
			developmentRegion = English;
			hasScannedForEncodings = 0;
			knownRegions = (
				en,
				Base,
			);
			mainGroup = 2C91C54F1FC41ED1002FE30F;
			productRefGroup = 2C91C5591FC41ED1002FE30F /* Products */;
			projectDirPath = "";
			projectRoot = "";
			targets = (
				2C91C5571FC41ED1002FE30F /* KeyboardHooker */,
			);
		};
/* End PBXProject section */

/* Begin PBXResourcesBuildPhase section */
		2C91C5561FC41ED1002FE30F /* Resources */ = {
			isa = PBXResourcesBuildPhase;
			buildActionMask = 2147483647;
			files = (
				2C91C5651FC41ED1002FE30F /* Assets.xcassets in Resources */,
				2C91C5681FC41ED1002FE30F /* Main.storyboard in Resources */,
			);
			runOnlyForDeploymentPostprocessing = 0;
		};
/* End PBXResourcesBuildPhase section */

/* Begin PBXSourcesBuildPhase section */
		2C91C5541FC41ED1002FE30F /* Sources */ = {
			isa = PBXSourcesBuildPhase;
			buildActionMask = 2147483647;
			files = (
				2C91C5631FC41ED1002FE30F /* ViewController.m in Sources */,
				2C91C5601FC41ED1002FE30F /* main.m in Sources */,
				2C91C55D1FC41ED1002FE30F /* AppDelegate.m in Sources */,
			);
			runOnlyForDeploymentPostprocessing = 0;
		};
/* End PBXSourcesBuildPhase section */

/* Begin PBXVariantGroup section */
		2C91C5661FC41ED1002FE30F /* Main.storyboard */ = {
			isa = PBXVariantGroup;
			children = (
				2C91C5671FC41ED1002FE30F /* Base */,
			);
			name = Main.storyboard;
			sourceTree = "<group>";
		};
/* End PBXVariantGroup section */

/* Begin XCBuildConfiguration section */
		2C91C56A1FC41ED1002FE30F /* Debug */ = {
			isa = XCBuildConfiguration;
			buildSettings = {
				ALWAYS_SEARCH_USER_PATHS = NO;
				CLANG_ANALYZER_NONNULL = YES;
				CLANG_CXX_LANGUAGE_STANDARD = "gnu++0x";
				CLANG_CXX_LIBRARY = "libc++";
				CLANG_ENABLE_MODULES = YES;
				CLANG_ENABLE_OBJC_ARC = YES;
				CLANG_WARN_BOOL_CONVERSION = YES;
				CLANG_WARN_CONSTANT_CONVERSION = YES;
				CLANG_WARN_DIRECT_OBJC_ISA_USAGE = YES_ERROR;
				CLANG_WARN_DOCUMENTATION_COMMENTS = YES;
				CLANG_WARN_EMPTY_BODY = YES;
				CLANG_WARN_ENUM_CONVERSION = YES;
				CLANG_WARN_INFINITE_RECURSION = YES;
				CLANG_WARN_INT_CONVERSION = YES;
				CLANG_WARN_OBJC_ROOT_CLASS = YES_ERROR;
				CLANG_WARN_SUSPICIOUS_MOVE = YES;
				CLANG_WARN_UNREACHABLE_CODE = YES;
				CLANG_WARN__DUPLICATE_METHOD_MATCH = YES;
				CODE_SIGN_IDENTITY = "-";
				COPY_PHASE_STRIP = NO;
				DEBUG_INFORMATION_FORMAT = dwarf;
				ENABLE_STRICT_OBJC_MSGSEND = YES;
				ENABLE_TESTABILITY = YES;
				GCC_C_LANGUAGE_STANDARD = gnu99;
				GCC_DYNAMIC_NO_PIC = NO;
				GCC_NO_COMMON_BLOCKS = YES;
				GCC_OPTIMIZATION_LEVEL = 0;
				GCC_PREPROCESSOR_DEFINITIONS = (
					"DEBUG=1",
					"$(inherited)",
				);
				GCC_WARN_64_TO_32_BIT_CONVERSION = YES;
				GCC_WARN_ABOUT_RETURN_TYPE = YES_ERROR;
				GCC_WARN_UNDECLARED_SELECTOR = YES;
				GCC_WARN_UNINITIALIZED_AUTOS = YES_AGGRESSIVE;
				GCC_WARN_UNUSED_FUNCTION = YES;
				GCC_WARN_UNUSED_VARIABLE = YES;
				MACOSX_DEPLOYMENT_TARGET = 10.11;
				MTL_ENABLE_DEBUG_INFO = YES;
				ONLY_ACTIVE_ARCH = YES;
				SDKROOT = macosx;
			};
			name = Debug;
		};
		2C91C56B1FC41ED1002FE30F /* Release */ = {
			isa = XCBuildConfiguration;
			buildSettings = {
				ALWAYS_SEARCH_USER_PATHS = NO;
				CLANG_ANALYZER_NONNULL = YES;
				CLANG_CXX_LANGUAGE_STANDARD = "gnu++0x";
				CLANG_CXX_LIBRARY = "libc++";
				CLANG_ENABLE_MODULES = YES;
				CLANG_ENABLE_OBJC_ARC = YES;
				CLANG_WARN_BOOL_CONVERSION = YES;
				CLANG_WARN_CONSTANT_CONVERSION = YES;
				CLANG_WARN_DIRECT_OBJC_ISA_USAGE = YES_ERROR;
				CLANG_WARN_DOCUMENTATION_COMMENTS = YES;
				CLANG_WARN_EMPTY_BODY = YES;
				CLANG_WARN_ENUM_CONVERSION = YES;
				CLANG_WARN_INFINITE_RECURSION = YES;
				CLANG_WARN_INT_CONVERSION = YES;
				CLANG_WARN_OBJC_ROOT_CLASS = YES_ERROR;
				CLANG_WARN_SUSPICIOUS_MOVE = YES;
				CLANG_WARN_UNREACHABLE_CODE = YES;
				CLANG_WARN__DUPLICATE_METHOD_MATCH = YES;
				CODE_SIGN_IDENTITY = "-";
				COPY_PHASE_STRIP = NO;
				DEBUG_INFORMATION_FORMAT = "dwarf-with-dsym";
				ENABLE_NS_ASSERTIONS = NO;
				ENABLE_STRICT_OBJC_MSGSEND = YES;
				GCC_C_LANGUAGE_STANDARD = gnu99;
				GCC_NO_COMMON_BLOCKS = YES;
				GCC_WARN_64_TO_32_BIT_CONVERSION = YES;
				GCC_WARN_ABOUT_RETURN_TYPE = YES_ERROR;
				GCC_WARN_UNDECLARED_SELECTOR = YES;
				GCC_WARN_UNINITIALIZED_AUTOS = YES_AGGRESSIVE;
				GCC_WARN_UNUSED_FUNCTION = YES;
				GCC_WARN_UNUSED_VARIABLE = YES;
				MACOSX_DEPLOYMENT_TARGET = 10.11;
				MTL_ENABLE_DEBUG_INFO = NO;
				SDKROOT = macosx;
			};
			name = Release;
		};
		2C91C56D1FC41ED1002FE30F /* Debug */ = {
			isa = XCBuildConfiguration;
			buildSettings = {
				ASSETCATALOG_COMPILER_APPICON_NAME = AppIcon;
				COMBINE_HIDPI_IMAGES = YES;
				DEVELOPMENT_TEAM = JXCL7H2Z3W;
				INFOPLIST_FILE = KeyboardHooker/Info.plist;
				LD_RUNPATH_SEARCH_PATHS = "$(inherited) @executable_path/../Frameworks";
				PRODUCT_BUNDLE_IDENTIFIER = com.IvanCode.KeyboardHooker;
				PRODUCT_NAME = "$(TARGET_NAME)";
			};
			name = Debug;
		};
		2C91C56E1FC41ED1002FE30F /* Release */ = {
			isa = XCBuildConfiguration;
			buildSettings = {
				ASSETCATALOG_COMPILER_APPICON_NAME = AppIcon;
				COMBINE_HIDPI_IMAGES = YES;
				DEVELOPMENT_TEAM = JXCL7H2Z3W;
				INFOPLIST_FILE = KeyboardHooker/Info.plist;
				LD_RUNPATH_SEARCH_PATHS = "$(inherited) @executable_path/../Frameworks";
				PRODUCT_BUNDLE_IDENTIFIER = com.IvanCode.KeyboardHooker;
				PRODUCT_NAME = "$(TARGET_NAME)";
			};
			name = Release;
		};
/* End XCBuildConfiguration section */

/* Begin XCConfigurationList section */
		2C91C5531FC41ED1002FE30F /* Build configuration list for PBXProject "KeyboardHooker" */ = {
			isa = XCConfigurationList;
			buildConfigurations = (
				2C91C56A1FC41ED1002FE30F /* Debug */,
				2C91C56B1FC41ED1002FE30F /* Release */,
			);
			defaultConfigurationIsVisible = 0;
			defaultConfigurationName = Release;
		};
		2C91C56C1FC41ED1002FE30F /* Build configuration list for PBXNativeTarget "KeyboardHooker" */ = {
			isa = XCConfigurationList;
			buildConfigurations = (
				2C91C56D1FC41ED1002FE30F /* Debug */,
				2C91C56E1FC41ED1002FE30F /* Release */,
			);
			defaultConfigurationIsVisible = 0;
		};
/* End XCConfigurationList section */
	};
	rootObject = 2C91C5501FC41ED1002FE30F /* Project object */;
}
