// !$*UTF8*$!
{
	archiveVersion = 1;
	classes = {
	};
	objectVersion = 46;
	objects = {

/* Begin PBXBuildFile section */
		2C78EF971F7ADDE2007E1754 /* AppDelegate.m in Sources */ = {isa = PBXBuildFile; fileRef = 2C78EF961F7ADDE2007E1754 /* AppDelegate.m */; };
		2C78EF9A1F7ADDE2007E1754 /* main.m in Sources */ = {isa = PBXBuildFile; fileRef = 2C78EF991F7ADDE2007E1754 /* main.m */; };
		2C78EF9D1F7ADDE2007E1754 /* ViewController.m in Sources */ = {isa = PBXBuildFile; fileRef = 2C78EF9C1F7ADDE2007E1754 /* ViewController.m */; };
		2C78EF9F1F7ADDE2007E1754 /* Assets.xcassets in Resources */ = {isa = PBXBuildFile; fileRef = 2C78EF9E1F7ADDE2007E1754 /* Assets.xcassets */; };
		2C78EFA21F7ADDE2007E1754 /* Main.storyboard in Resources */ = {isa = PBXBuildFile; fileRef = 2C78EFA01F7ADDE2007E1754 /* Main.storyboard */; };
		2CB8E5901F7D879600D4D9DC /* BatteryStatus.m in Sources */ = {isa = PBXBuildFile; fileRef = 2CB8E58F1F7D879600D4D9DC /* BatteryStatus.m */; };
/* End PBXBuildFile section */

/* Begin PBXFileReference section */
		2C78EF921F7ADDE2007E1754 /* BatteryChecker.app */ = {isa = PBXFileReference; explicitFileType = wrapper.application; includeInIndex = 0; path = BatteryChecker.app; sourceTree = BUILT_PRODUCTS_DIR; };
		2C78EF951F7ADDE2007E1754 /* AppDelegate.h */ = {isa = PBXFileReference; lastKnownFileType = sourcecode.c.h; path = AppDelegate.h; sourceTree = "<group>"; };
		2C78EF961F7ADDE2007E1754 /* AppDelegate.m */ = {isa = PBXFileReference; lastKnownFileType = sourcecode.c.objc; path = AppDelegate.m; sourceTree = "<group>"; };
		2C78EF991F7ADDE2007E1754 /* main.m */ = {isa = PBXFileReference; lastKnownFileType = sourcecode.c.objc; path = main.m; sourceTree = "<group>"; };
		2C78EF9B1F7ADDE2007E1754 /* ViewController.h */ = {isa = PBXFileReference; lastKnownFileType = sourcecode.c.h; path = ViewController.h; sourceTree = "<group>"; };
		2C78EF9C1F7ADDE2007E1754 /* ViewController.m */ = {isa = PBXFileReference; lastKnownFileType = sourcecode.c.objc; path = ViewController.m; sourceTree = "<group>"; };
		2C78EF9E1F7ADDE2007E1754 /* Assets.xcassets */ = {isa = PBXFileReference; lastKnownFileType = folder.assetcatalog; path = Assets.xcassets; sourceTree = "<group>"; };
		2C78EFA11F7ADDE2007E1754 /* Base */ = {isa = PBXFileReference; lastKnownFileType = file.storyboard; name = Base; path = Base.lproj/Main.storyboard; sourceTree = "<group>"; };
		2C78EFA31F7ADDE2007E1754 /* Info.plist */ = {isa = PBXFileReference; lastKnownFileType = text.plist.xml; path = Info.plist; sourceTree = "<group>"; };
		2CB8E58E1F7D879600D4D9DC /* BatteryStatus.h */ = {isa = PBXFileReference; fileEncoding = 4; lastKnownFileType = sourcecode.c.h; path = BatteryStatus.h; sourceTree = "<group>"; };
		2CB8E58F1F7D879600D4D9DC /* BatteryStatus.m */ = {isa = PBXFileReference; fileEncoding = 4; lastKnownFileType = sourcecode.c.objc; path = BatteryStatus.m; sourceTree = "<group>"; };
/* End PBXFileReference section */

/* Begin PBXFrameworksBuildPhase section */
		2C78EF8F1F7ADDE2007E1754 /* Frameworks */ = {
			isa = PBXFrameworksBuildPhase;
			buildActionMask = 2147483647;
			files = (
			);
			runOnlyForDeploymentPostprocessing = 0;
		};
/* End PBXFrameworksBuildPhase section */

/* Begin PBXGroup section */
		2C78EF891F7ADDE2007E1754 = {
			isa = PBXGroup;
			children = (
				2C78EF941F7ADDE2007E1754 /* BatteryChecker */,
				2C78EF931F7ADDE2007E1754 /* Products */,
			);
			sourceTree = "<group>";
		};
		2C78EF931F7ADDE2007E1754 /* Products */ = {
			isa = PBXGroup;
			children = (
				2C78EF921F7ADDE2007E1754 /* BatteryChecker.app */,
			);
			name = Products;
			sourceTree = "<group>";
		};
		2C78EF941F7ADDE2007E1754 /* BatteryChecker */ = {
			isa = PBXGroup;
			children = (
				2CB8E5931F7D87F100D4D9DC /* ViewController */,
				2CB8E5921F7D87E500D4D9DC /* Delegate */,
				2CB8E5911F7D87D000D4D9DC /* BatteryStatus */,
				2C78EF9E1F7ADDE2007E1754 /* Assets.xcassets */,
				2C78EFA01F7ADDE2007E1754 /* Main.storyboard */,
				2C78EFA31F7ADDE2007E1754 /* Info.plist */,
				2C78EF981F7ADDE2007E1754 /* Supporting Files */,
			);
			path = BatteryChecker;
			sourceTree = "<group>";
		};
		2C78EF981F7ADDE2007E1754 /* Supporting Files */ = {
			isa = PBXGroup;
			children = (
				2C78EF991F7ADDE2007E1754 /* main.m */,
			);
			name = "Supporting Files";
			sourceTree = "<group>";
		};
		2CB8E5911F7D87D000D4D9DC /* BatteryStatus */ = {
			isa = PBXGroup;
			children = (
				2CB8E58E1F7D879600D4D9DC /* BatteryStatus.h */,
				2CB8E58F1F7D879600D4D9DC /* BatteryStatus.m */,
			);
			name = BatteryStatus;
			sourceTree = "<group>";
		};
		2CB8E5921F7D87E500D4D9DC /* Delegate */ = {
			isa = PBXGroup;
			children = (
				2C78EF951F7ADDE2007E1754 /* AppDelegate.h */,
				2C78EF961F7ADDE2007E1754 /* AppDelegate.m */,
			);
			name = Delegate;
			sourceTree = "<group>";
		};
		2CB8E5931F7D87F100D4D9DC /* ViewController */ = {
			isa = PBXGroup;
			children = (
				2C78EF9B1F7ADDE2007E1754 /* ViewController.h */,
				2C78EF9C1F7ADDE2007E1754 /* ViewController.m */,
			);
			name = ViewController;
			sourceTree = "<group>";
		};
/* End PBXGroup section */

/* Begin PBXNativeTarget section */
		2C78EF911F7ADDE2007E1754 /* BatteryChecker */ = {
			isa = PBXNativeTarget;
			buildConfigurationList = 2C78EFA61F7ADDE2007E1754 /* Build configuration list for PBXNativeTarget "BatteryChecker" */;
			buildPhases = (
				2C78EF8E1F7ADDE2007E1754 /* Sources */,
				2C78EF8F1F7ADDE2007E1754 /* Frameworks */,
				2C78EF901F7ADDE2007E1754 /* Resources */,
			);
			buildRules = (
			);
			dependencies = (
			);
			name = BatteryChecker;
			productName = BatteryChecker;
			productReference = 2C78EF921F7ADDE2007E1754 /* BatteryChecker.app */;
			productType = "com.apple.product-type.application";
		};
/* End PBXNativeTarget section */

/* Begin PBXProject section */
		2C78EF8A1F7ADDE2007E1754 /* Project object */ = {
			isa = PBXProject;
			attributes = {
				LastUpgradeCheck = 0820;
				ORGANIZATIONNAME = IvanCode;
				TargetAttributes = {
					2C78EF911F7ADDE2007E1754 = {
						CreatedOnToolsVersion = 8.2.1;
						DevelopmentTeam = JXCL7H2Z3W;
						ProvisioningStyle = Automatic;
					};
				};
			};
			buildConfigurationList = 2C78EF8D1F7ADDE2007E1754 /* Build configuration list for PBXProject "BatteryChecker" */;
			compatibilityVersion = "Xcode 3.2";
			developmentRegion = English;
			hasScannedForEncodings = 0;
			knownRegions = (
				en,
				Base,
			);
			mainGroup = 2C78EF891F7ADDE2007E1754;
			productRefGroup = 2C78EF931F7ADDE2007E1754 /* Products */;
			projectDirPath = "";
			projectRoot = "";
			targets = (
				2C78EF911F7ADDE2007E1754 /* BatteryChecker */,
			);
		};
/* End PBXProject section */

/* Begin PBXResourcesBuildPhase section */
		2C78EF901F7ADDE2007E1754 /* Resources */ = {
			isa = PBXResourcesBuildPhase;
			buildActionMask = 2147483647;
			files = (
				2C78EF9F1F7ADDE2007E1754 /* Assets.xcassets in Resources */,
				2C78EFA21F7ADDE2007E1754 /* Main.storyboard in Resources */,
			);
			runOnlyForDeploymentPostprocessing = 0;
		};
/* End PBXResourcesBuildPhase section */

/* Begin PBXSourcesBuildPhase section */
		2C78EF8E1F7ADDE2007E1754 /* Sources */ = {
			isa = PBXSourcesBuildPhase;
			buildActionMask = 2147483647;
			files = (
				2CB8E5901F7D879600D4D9DC /* BatteryStatus.m in Sources */,
				2C78EF9D1F7ADDE2007E1754 /* ViewController.m in Sources */,
				2C78EF9A1F7ADDE2007E1754 /* main.m in Sources */,
				2C78EF971F7ADDE2007E1754 /* AppDelegate.m in Sources */,
			);
			runOnlyForDeploymentPostprocessing = 0;
		};
/* End PBXSourcesBuildPhase section */

/* Begin PBXVariantGroup section */
		2C78EFA01F7ADDE2007E1754 /* Main.storyboard */ = {
			isa = PBXVariantGroup;
			children = (
				2C78EFA11F7ADDE2007E1754 /* Base */,
			);
			name = Main.storyboard;
			sourceTree = "<group>";
		};
/* End PBXVariantGroup section */

/* Begin XCBuildConfiguration section */
		2C78EFA41F7ADDE2007E1754 /* Debug */ = {
			isa = XCBuildConfiguration;
			buildSettings = {
				ALWAYS_SEARCH_USER_PATHS = NO;
				CLANG_ANALYZER_NONNULL = YES;
				CLANG_CXX_LANGUAGE_STANDARD = "gnu++0x";
				CLANG_CXX_LIBRARY = "libc++";
				CLANG_ENABLE_MODULES = YES;
				CLANG_ENABLE_OBJC_ARC = YES;
				CLANG_WARN_BOOL_CONVERSION = YES;
				CLANG_WARN_CONSTANT_CONVERSION = YES;
				CLANG_WARN_DIRECT_OBJC_ISA_USAGE = YES_ERROR;
				CLANG_WARN_DOCUMENTATION_COMMENTS = YES;
				CLANG_WARN_EMPTY_BODY = YES;
				CLANG_WARN_ENUM_CONVERSION = YES;
				CLANG_WARN_INFINITE_RECURSION = YES;
				CLANG_WARN_INT_CONVERSION = YES;
				CLANG_WARN_OBJC_ROOT_CLASS = YES_ERROR;
				CLANG_WARN_SUSPICIOUS_MOVE = YES;
				CLANG_WARN_UNREACHABLE_CODE = YES;
				CLANG_WARN__DUPLICATE_METHOD_MATCH = YES;
				CODE_SIGN_IDENTITY = "-";
				COPY_PHASE_STRIP = NO;
				DEBUG_INFORMATION_FORMAT = dwarf;
				ENABLE_STRICT_OBJC_MSGSEND = YES;
				ENABLE_TESTABILITY = YES;
				GCC_C_LANGUAGE_STANDARD = gnu99;
				GCC_DYNAMIC_NO_PIC = NO;
				GCC_NO_COMMON_BLOCKS = YES;
				GCC_OPTIMIZATION_LEVEL = 0;
				GCC_PREPROCESSOR_DEFINITIONS = (
					"DEBUG=1",
					"$(inherited)",
				);
				GCC_WARN_64_TO_32_BIT_CONVERSION = YES;
				GCC_WARN_ABOUT_RETURN_TYPE = YES_ERROR;
				GCC_WARN_UNDECLARED_SELECTOR = YES;
				GCC_WARN_UNINITIALIZED_AUTOS = YES_AGGRESSIVE;
				GCC_WARN_UNUSED_FUNCTION = YES;
				GCC_WARN_UNUSED_VARIABLE = YES;
				MACOSX_DEPLOYMENT_TARGET = 10.11;
				MTL_ENABLE_DEBUG_INFO = YES;
				ONLY_ACTIVE_ARCH = YES;
				SDKROOT = macosx;
			};
			name = Debug;
		};
		2C78EFA51F7ADDE2007E1754 /* Release */ = {
			isa = XCBuildConfiguration;
			buildSettings = {
				ALWAYS_SEARCH_USER_PATHS = NO;
				CLANG_ANALYZER_NONNULL = YES;
				CLANG_CXX_LANGUAGE_STANDARD = "gnu++0x";
				CLANG_CXX_LIBRARY = "libc++";
				CLANG_ENABLE_MODULES = YES;
				CLANG_ENABLE_OBJC_ARC = YES;
				CLANG_WARN_BOOL_CONVERSION = YES;
				CLANG_WARN_CONSTANT_CONVERSION = YES;
				CLANG_WARN_DIRECT_OBJC_ISA_USAGE = YES_ERROR;
				CLANG_WARN_DOCUMENTATION_COMMENTS = YES;
				CLANG_WARN_EMPTY_BODY = YES;
				CLANG_WARN_ENUM_CONVERSION = YES;
				CLANG_WARN_INFINITE_RECURSION = YES;
				CLANG_WARN_INT_CONVERSION = YES;
				CLANG_WARN_OBJC_ROOT_CLASS = YES_ERROR;
				CLANG_WARN_SUSPICIOUS_MOVE = YES;
				CLANG_WARN_UNREACHABLE_CODE = YES;
				CLANG_WARN__DUPLICATE_METHOD_MATCH = YES;
				CODE_SIGN_IDENTITY = "-";
				COPY_PHASE_STRIP = NO;
				DEBUG_INFORMATION_FORMAT = "dwarf-with-dsym";
				ENABLE_NS_ASSERTIONS = NO;
				ENABLE_STRICT_OBJC_MSGSEND = YES;
				GCC_C_LANGUAGE_STANDARD = gnu99;
				GCC_NO_COMMON_BLOCKS = YES;
				GCC_WARN_64_TO_32_BIT_CONVERSION = YES;
				GCC_WARN_ABOUT_RETURN_TYPE = YES_ERROR;
				GCC_WARN_UNDECLARED_SELECTOR = YES;
				GCC_WARN_UNINITIALIZED_AUTOS = YES_AGGRESSIVE;
				GCC_WARN_UNUSED_FUNCTION = YES;
				GCC_WARN_UNUSED_VARIABLE = YES;
				MACOSX_DEPLOYMENT_TARGET = 10.11;
				MTL_ENABLE_DEBUG_INFO = NO;
				SDKROOT = macosx;
			};
			name = Release;
		};
		2C78EFA71F7ADDE2007E1754 /* Debug */ = {
			isa = XCBuildConfiguration;
			buildSettings = {
				ASSETCATALOG_COMPILER_APPICON_NAME = AppIcon;
				COMBINE_HIDPI_IMAGES = YES;
				DEVELOPMENT_TEAM = JXCL7H2Z3W;
				INFOPLIST_FILE = BatteryChecker/Info.plist;
				LD_RUNPATH_SEARCH_PATHS = "$(inherited) @executable_path/../Frameworks";
				MACOSX_DEPLOYMENT_TARGET = 10.7;
				PRODUCT_BUNDLE_IDENTIFIER = com.IvanCode.BatteryChecker;
				PRODUCT_NAME = "$(TARGET_NAME)";
			};
			name = Debug;
		};
		2C78EFA81F7ADDE2007E1754 /* Release */ = {
			isa = XCBuildConfiguration;
			buildSettings = {
				ASSETCATALOG_COMPILER_APPICON_NAME = AppIcon;
				COMBINE_HIDPI_IMAGES = YES;
				DEVELOPMENT_TEAM = JXCL7H2Z3W;
				INFOPLIST_FILE = BatteryChecker/Info.plist;
				LD_RUNPATH_SEARCH_PATHS = "$(inherited) @executable_path/../Frameworks";
				MACOSX_DEPLOYMENT_TARGET = 10.7;
				PRODUCT_BUNDLE_IDENTIFIER = com.IvanCode.BatteryChecker;
				PRODUCT_NAME = "$(TARGET_NAME)";
			};
			name = Release;
		};
/* End XCBuildConfiguration section */

/* Begin XCConfigurationList section */
		2C78EF8D1F7ADDE2007E1754 /* Build configuration list for PBXProject "BatteryChecker" */ = {
			isa = XCConfigurationList;
			buildConfigurations = (
				2C78EFA41F7ADDE2007E1754 /* Debug */,
				2C78EFA51F7ADDE2007E1754 /* Release */,
			);
			defaultConfigurationIsVisible = 0;
			defaultConfigurationName = Release;
		};
		2C78EFA61F7ADDE2007E1754 /* Build configuration list for PBXNativeTarget "BatteryChecker" */ = {
			isa = XCConfigurationList;
			buildConfigurations = (
				2C78EFA71F7ADDE2007E1754 /* Debug */,
				2C78EFA81F7ADDE2007E1754 /* Release */,
			);
			defaultConfigurationIsVisible = 0;
			defaultConfigurationName = Release;
		};
/* End XCConfigurationList section */
	};
	rootObject = 2C78EF8A1F7ADDE2007E1754 /* Project object */;
}
